
Microsoft Visual Studio Solution File, Format Version 12.00
# Visual Studio Version 17
VisualStudioVersion = 17.13.35931.197 d17.13
MinimumVisualStudioVersion = 10.0.40219.1
Project("{FAE04EC0-301F-11D3-BF4B-00C04F79EFBC}") = "YeniOkul.Admin", "YeniOkul.Admin\YeniOkul.Admin.csproj", "{63AE8916-52A7-4CF6-89C0-6BA1928D6557}"
EndProject
Project("{FAE04EC0-301F-11D3-BF4B-00C04F79EFBC}") = "YeniOkul.Core", "YeniOkul.Core\YeniOkul.Core.csproj", "{88842232-0DEC-453B-81A8-830E741DC42B}"
EndProject
Project("{FAE04EC0-301F-11D3-BF4B-00C04F79EFBC}") = "YeniOkul.Data", "YeniOkul.Data\YeniOkul.Data.csproj", "{61B1A056-A9F9-474F-9C61-525118870CB1}"
EndProject
Project("{FAE04EC0-301F-11D3-BF4B-00C04F79EFBC}") = "YeniOkul.Service", "YeniOkul.Service\YeniOkul.Service.csproj", "{49FE75BE-7115-4384-A0BD-57B5BDB557B1}"
EndProject
Project("{FAE04EC0-301F-11D3-BF4B-00C04F79EFBC}") = "YeniOkul.UI", "YeniOkul.UI\YeniOkul.UI.csproj", "{7F27BF24-C75B-4F98-82EA-69778D0EB892}"
EndProject
Global
	GlobalSection(SolutionConfigurationPlatforms) = preSolution
		Debug|Any CPU = Debug|Any CPU
		Release|Any CPU = Release|Any CPU
	EndGlobalSection
	GlobalSection(ProjectConfigurationPlatforms) = postSolution
		{63AE8916-52A7-4CF6-89C0-6BA1928D6557}.Debug|Any CPU.ActiveCfg = Debug|Any CPU
		{63AE8916-52A7-4CF6-89C0-6BA1928D6557}.Debug|Any CPU.Build.0 = Debug|Any CPU
		{63AE8916-52A7-4CF6-89C0-6BA1928D6557}.Release|Any CPU.ActiveCfg = Release|Any CPU
		{63AE8916-52A7-4CF6-89C0-6BA1928D6557}.Release|Any CPU.Build.0 = Release|Any CPU
		{88842232-0DEC-453B-81A8-830E741DC42B}.Debug|Any CPU.ActiveCfg = Debug|Any CPU
		{88842232-0DEC-453B-81A8-830E741DC42B}.Debug|Any CPU.Build.0 = Debug|Any CPU
		{88842232-0DEC-453B-81A8-830E741DC42B}.Release|Any CPU.ActiveCfg = Release|Any CPU
		{88842232-0DEC-453B-81A8-830E741DC42B}.Release|Any CPU.Build.0 = Release|Any CPU
		{61B1A056-A9F9-474F-9C61-525118870CB1}.Debug|Any CPU.ActiveCfg = Debug|Any CPU
		{61B1A056-A9F9-474F-9C61-525118870CB1}.Debug|Any CPU.Build.0 = Debug|Any CPU
		{61B1A056-A9F9-474F-9C61-525118870CB1}.Release|Any CPU.ActiveCfg = Release|Any CPU
		{61B1A056-A9F9-474F-9C61-525118870CB1}.Release|Any CPU.Build.0 = Release|Any CPU
		{49FE75BE-7115-4384-A0BD-57B5BDB557B1}.Debug|Any CPU.ActiveCfg = Debug|Any CPU
		{49FE75BE-7115-4384-A0BD-57B5BDB557B1}.Debug|Any CPU.Build.0 = Debug|Any CPU
		{49FE75BE-7115-4384-A0BD-57B5BDB557B1}.Release|Any CPU.ActiveCfg = Release|Any CPU
		{49FE75BE-7115-4384-A0BD-57B5BDB557B1}.Release|Any CPU.Build.0 = Release|Any CPU
		{7F27BF24-C75B-4F98-82EA-69778D0EB892}.Debug|Any CPU.ActiveCfg = Debug|Any CPU
		{7F27BF24-C75B-4F98-82EA-69778D0EB892}.Debug|Any CPU.Build.0 = Debug|Any CPU
		{7F27BF24-C75B-4F98-82EA-69778D0EB892}.Release|Any CPU.ActiveCfg = Release|Any CPU
		{7F27BF24-C75B-4F98-82EA-69778D0EB892}.Release|Any CPU.Build.0 = Release|Any CPU
	EndGlobalSection
	GlobalSection(SolutionProperties) = preSolution
		HideSolutionNode = FALSE
	EndGlobalSection
	GlobalSection(ExtensibilityGlobals) = postSolution
		SolutionGuid = {E4391469-7992-4729-9C49-CAFA791B1E99}
	EndGlobalSection
EndGlobal
